// !$*UTF8*$!
{
	archiveVersion = 1;
	classes = {
	};
	objectVersion = 50;
	objects = {

/* Begin PBXBuildFile section */
		090CA21822A101FB006C3C42 /* AppDelegate.m in Sources */ = {isa = PBXBuildFile; fileRef = 090CA21722A101FB006C3C42 /* AppDelegate.m */; };
		090CA21B22A101FB006C3C42 /* ViewController.m in Sources */ = {isa = PBXBuildFile; fileRef = 090CA21A22A101FB006C3C42 /* ViewController.m */; };
		090CA21E22A101FB006C3C42 /* Main.storyboard in Resources */ = {isa = PBXBuildFile; fileRef = 090CA21C22A101FB006C3C42 /* Main.storyboard */; };
		090CA22022A101FD006C3C42 /* Assets.xcassets in Resources */ = {isa = PBXBuildFile; fileRef = 090CA21F22A101FD006C3C42 /* Assets.xcassets */; };
		090CA22322A101FD006C3C42 /* LaunchScreen.storyboard in Resources */ = {isa = PBXBuildFile; fileRef = 090CA22122A101FD006C3C42 /* LaunchScreen.storyboard */; };
		090CA22622A101FD006C3C42 /* main.m in Sources */ = {isa = PBXBuildFile; fileRef = 090CA22522A101FD006C3C42 /* main.m */; };
		090CA22D22A11582006C3C42 /* bing.mp3 in Resources */ = {isa = PBXBuildFile; fileRef = 090CA22C22A11582006C3C42 /* bing.mp3 */; };
		090CA22F22A1173C006C3C42 /* apple.png in Resources */ = {isa = PBXBuildFile; fileRef = 090CA22E22A1173C006C3C42 /* apple.png */; };
/* End PBXBuildFile section */

/* Begin PBXFileReference section */
		090CA21322A101FB006C3C42 /* TestLocalNotification.app */ = {isa = PBXFileReference; explicitFileType = wrapper.application; includeInIndex = 0; path = TestLocalNotification.app; sourceTree = BUILT_PRODUCTS_DIR; };
		090CA21622A101FB006C3C42 /* AppDelegate.h */ = {isa = PBXFileReference; lastKnownFileType = sourcecode.c.h; path = AppDelegate.h; sourceTree = "<group>"; };
		090CA21722A101FB006C3C42 /* AppDelegate.m */ = {isa = PBXFileReference; lastKnownFileType = sourcecode.c.objc; path = AppDelegate.m; sourceTree = "<group>"; };
		090CA21922A101FB006C3C42 /* ViewController.h */ = {isa = PBXFileReference; lastKnownFileType = sourcecode.c.h; path = ViewController.h; sourceTree = "<group>"; };
		090CA21A22A101FB006C3C42 /* ViewController.m */ = {isa = PBXFileReference; lastKnownFileType = sourcecode.c.objc; path = ViewController.m; sourceTree = "<group>"; };
		090CA21D22A101FB006C3C42 /* Base */ = {isa = PBXFileReference; lastKnownFileType = file.storyboard; name = Base; path = Base.lproj/Main.storyboard; sourceTree = "<group>"; };
		090CA21F22A101FD006C3C42 /* Assets.xcassets */ = {isa = PBXFileReference; lastKnownFileType = folder.assetcatalog; path = Assets.xcassets; sourceTree = "<group>"; };
		090CA22222A101FD006C3C42 /* Base */ = {isa = PBXFileReference; lastKnownFileType = file.storyboard; name = Base; path = Base.lproj/LaunchScreen.storyboard; sourceTree = "<group>"; };
		090CA22422A101FD006C3C42 /* Info.plist */ = {isa = PBXFileReference; lastKnownFileType = text.plist.xml; path = Info.plist; sourceTree = "<group>"; };
		090CA22522A101FD006C3C42 /* main.m */ = {isa = PBXFileReference; lastKnownFileType = sourcecode.c.objc; path = main.m; sourceTree = "<group>"; };
		090CA22C22A11582006C3C42 /* bing.mp3 */ = {isa = PBXFileReference; lastKnownFileType = audio.mp3; path = bing.mp3; sourceTree = "<group>"; };
		090CA22E22A1173C006C3C42 /* apple.png */ = {isa = PBXFileReference; lastKnownFileType = image.png; path = apple.png; sourceTree = "<group>"; };
/* End PBXFileReference section */

/* Begin PBXFrameworksBuildPhase section */
		090CA21022A101FB006C3C42 /* Frameworks */ = {
			isa = PBXFrameworksBuildPhase;
			buildActionMask = 2147483647;
			files = (
			);
			runOnlyForDeploymentPostprocessing = 0;
		};
/* End PBXFrameworksBuildPhase section */

/* Begin PBXGroup section */
		090CA20A22A101FB006C3C42 = {
			isa = PBXGroup;
			children = (
				090CA21522A101FB006C3C42 /* TestLocalNotification */,
				090CA21422A101FB006C3C42 /* Products */,
			);
			sourceTree = "<group>";
		};
		090CA21422A101FB006C3C42 /* Products */ = {
			isa = PBXGroup;
			children = (
				090CA21322A101FB006C3C42 /* TestLocalNotification.app */,
			);
			name = Products;
			sourceTree = "<group>";
		};
		090CA21522A101FB006C3C42 /* TestLocalNotification */ = {
			isa = PBXGroup;
			children = (
				090CA22C22A11582006C3C42 /* bing.mp3 */,
				090CA22E22A1173C006C3C42 /* apple.png */,
				090CA21622A101FB006C3C42 /* AppDelegate.h */,
				090CA21722A101FB006C3C42 /* AppDelegate.m */,
				090CA21922A101FB006C3C42 /* ViewController.h */,
				090CA21A22A101FB006C3C42 /* ViewController.m */,
				090CA21C22A101FB006C3C42 /* Main.storyboard */,
				090CA21F22A101FD006C3C42 /* Assets.xcassets */,
				090CA22122A101FD006C3C42 /* LaunchScreen.storyboard */,
				090CA22422A101FD006C3C42 /* Info.plist */,
				090CA22522A101FD006C3C42 /* main.m */,
			);
			path = TestLocalNotification;
			sourceTree = "<group>";
		};
/* End PBXGroup section */

/* Begin PBXNativeTarget section */
		090CA21222A101FB006C3C42 /* TestLocalNotification */ = {
			isa = PBXNativeTarget;
			buildConfigurationList = 090CA22922A101FD006C3C42 /* Build configuration list for PBXNativeTarget "TestLocalNotification" */;
			buildPhases = (
				090CA20F22A101FB006C3C42 /* Sources */,
				090CA21022A101FB006C3C42 /* Frameworks */,
				090CA21122A101FB006C3C42 /* Resources */,
			);
			buildRules = (
			);
			dependencies = (
			);
			name = TestLocalNotification;
			productName = TestLocalNotification;
			productReference = 090CA21322A101FB006C3C42 /* TestLocalNotification.app */;
			productType = "com.apple.product-type.application";
		};
/* End PBXNativeTarget section */

/* Begin PBXProject section */
		090CA20B22A101FB006C3C42 /* Project object */ = {
			isa = PBXProject;
			attributes = {
				LastUpgradeCheck = 1010;
				ORGANIZATIONNAME = "小小文西";
				TargetAttributes = {
					090CA21222A101FB006C3C42 = {
						CreatedOnToolsVersion = 10.1;
					};
				};
			};
			buildConfigurationList = 090CA20E22A101FB006C3C42 /* Build configuration list for PBXProject "TestLocalNotification" */;
			compatibilityVersion = "Xcode 9.3";
			developmentRegion = en;
			hasScannedForEncodings = 0;
			knownRegions = (
				en,
				Base,
			);
			mainGroup = 090CA20A22A101FB006C3C42;
			productRefGroup = 090CA21422A101FB006C3C42 /* Products */;
			projectDirPath = "";
			projectRoot = "";
			targets = (
				090CA21222A101FB006C3C42 /* TestLocalNotification */,
			);
		};
/* End PBXProject section */

/* Begin PBXResourcesBuildPhase section */
		090CA21122A101FB006C3C42 /* Resources */ = {
			isa = PBXResourcesBuildPhase;
			buildActionMask = 2147483647;
			files = (
				090CA22322A101FD006C3C42 /* LaunchScreen.storyboard in Resources */,
				090CA22022A101FD006C3C42 /* Assets.xcassets in Resources */,
				090CA22D22A11582006C3C42 /* bing.mp3 in Resources */,
				090CA21E22A101FB006C3C42 /* Main.storyboard in Resources */,
				090CA22F22A1173C006C3C42 /* apple.png in Resources */,
			);
			runOnlyForDeploymentPostprocessing = 0;
		};
/* End PBXResourcesBuildPhase section */

/* Begin PBXSourcesBuildPhase section */
		090CA20F22A101FB006C3C42 /* Sources */ = {
			isa = PBXSourcesBuildPhase;
			buildActionMask = 2147483647;
			files = (
				090CA21B22A101FB006C3C42 /* ViewController.m in Sources */,
				090CA22622A101FD006C3C42 /* main.m in Sources */,
				090CA21822A101FB006C3C42 /* AppDelegate.m in Sources */,
			);
			runOnlyForDeploymentPostprocessing = 0;
		};
/* End PBXSourcesBuildPhase section */

/* Begin PBXVariantGroup section */
		090CA21C22A101FB006C3C42 /* Main.storyboard */ = {
			isa = PBXVariantGroup;
			children = (
				090CA21D22A101FB006C3C42 /* Base */,
			);
			name = Main.storyboard;
			sourceTree = "<group>";
		};
		090CA22122A101FD006C3C42 /* LaunchScreen.storyboard */ = {
			isa = PBXVariantGroup;
			children = (
				090CA22222A101FD006C3C42 /* Base */,
			);
			name = LaunchScreen.storyboard;
			sourceTree = "<group>";
		};
/* End PBXVariantGroup section */

/* Begin XCBuildConfiguration section */
		090CA22722A101FD006C3C42 /* Debug */ = {
			isa = XCBuildConfiguration;
			buildSettings = {
				ALWAYS_SEARCH_USER_PATHS = NO;
				CLANG_ANALYZER_NONNULL = YES;
				CLANG_ANALYZER_NUMBER_OBJECT_CONVERSION = YES_AGGRESSIVE;
				CLANG_CXX_LANGUAGE_STANDARD = "gnu++14";
				CLANG_CXX_LIBRARY = "libc++";
				CLANG_ENABLE_MODULES = YES;
				CLANG_ENABLE_OBJC_ARC = YES;
				CLANG_ENABLE_OBJC_WEAK = YES;
				CLANG_WARN_BLOCK_CAPTURE_AUTORELEASING = YES;
				CLANG_WARN_BOOL_CONVERSION = YES;
				CLANG_WARN_COMMA = YES;
				CLANG_WARN_CONSTANT_CONVERSION = YES;
				CLANG_WARN_DEPRECATED_OBJC_IMPLEMENTATIONS = YES;
				CLANG_WARN_DIRECT_OBJC_ISA_USAGE = YES_ERROR;
				CLANG_WARN_DOCUMENTATION_COMMENTS = YES;
				CLANG_WARN_EMPTY_BODY = YES;
				CLANG_WARN_ENUM_CONVERSION = YES;
				CLANG_WARN_INFINITE_RECURSION = YES;
				CLANG_WARN_INT_CONVERSION = YES;
				CLANG_WARN_NON_LITERAL_NULL_CONVERSION = YES;
				CLANG_WARN_OBJC_IMPLICIT_RETAIN_SELF = YES;
				CLANG_WARN_OBJC_LITERAL_CONVERSION = YES;
				CLANG_WARN_OBJC_ROOT_CLASS = YES_ERROR;
				CLANG_WARN_RANGE_LOOP_ANALYSIS = YES;
				CLANG_WARN_STRICT_PROTOTYPES = YES;
				CLANG_WARN_SUSPICIOUS_MOVE = YES;
				CLANG_WARN_UNGUARDED_AVAILABILITY = YES_AGGRESSIVE;
				CLANG_WARN_UNREACHABLE_CODE = YES;
				CLANG_WARN__DUPLICATE_METHOD_MATCH = YES;
				CODE_SIGN_IDENTITY = "iPhone Developer";
				COPY_PHASE_STRIP = NO;
				DEBUG_INFORMATION_FORMAT = dwarf;
				ENABLE_STRICT_OBJC_MSGSEND = YES;
				ENABLE_TESTABILITY = YES;
				GCC_C_LANGUAGE_STANDARD = gnu11;
				GCC_DYNAMIC_NO_PIC = NO;
				GCC_NO_COMMON_BLOCKS = YES;
				GCC_OPTIMIZATION_LEVEL = 0;
				GCC_PREPROCESSOR_DEFINITIONS = (
					"DEBUG=1",
					"$(inherited)",
				);
				GCC_WARN_64_TO_32_BIT_CONVERSION = YES;
				GCC_WARN_ABOUT_RETURN_TYPE = YES_ERROR;
				GCC_WARN_UNDECLARED_SELECTOR = YES;
				GCC_WARN_UNINITIALIZED_AUTOS = YES_AGGRESSIVE;
				GCC_WARN_UNUSED_FUNCTION = YES;
				GCC_WARN_UNUSED_VARIABLE = YES;
				IPHONEOS_DEPLOYMENT_TARGET = 12.1;
				MTL_ENABLE_DEBUG_INFO = INCLUDE_SOURCE;
				MTL_FAST_MATH = YES;
				ONLY_ACTIVE_ARCH = YES;
				SDKROOT = iphoneos;
			};
			name = Debug;
		};
		090CA22822A101FD006C3C42 /* Release */ = {
			isa = XCBuildConfiguration;
			buildSettings = {
				ALWAYS_SEARCH_USER_PATHS = NO;
				CLANG_ANALYZER_NONNULL = YES;
				CLANG_ANALYZER_NUMBER_OBJECT_CONVERSION = YES_AGGRESSIVE;
				CLANG_CXX_LANGUAGE_STANDARD = "gnu++14";
				CLANG_CXX_LIBRARY = "libc++";
				CLANG_ENABLE_MODULES = YES;
				CLANG_ENABLE_OBJC_ARC = YES;
				CLANG_ENABLE_OBJC_WEAK = YES;
				CLANG_WARN_BLOCK_CAPTURE_AUTORELEASING = YES;
				CLANG_WARN_BOOL_CONVERSION = YES;
				CLANG_WARN_COMMA = YES;
				CLANG_WARN_CONSTANT_CONVERSION = YES;
				CLANG_WARN_DEPRECATED_OBJC_IMPLEMENTATIONS = YES;
				CLANG_WARN_DIRECT_OBJC_ISA_USAGE = YES_ERROR;
				CLANG_WARN_DOCUMENTATION_COMMENTS = YES;
				CLANG_WARN_EMPTY_BODY = YES;
				CLANG_WARN_ENUM_CONVERSION = YES;
				CLANG_WARN_INFINITE_RECURSION = YES;
				CLANG_WARN_INT_CONVERSION = YES;
				CLANG_WARN_NON_LITERAL_NULL_CONVERSION = YES;
				CLANG_WARN_OBJC_IMPLICIT_RETAIN_SELF = YES;
				CLANG_WARN_OBJC_LITERAL_CONVERSION = YES;
				CLANG_WARN_OBJC_ROOT_CLASS = YES_ERROR;
				CLANG_WARN_RANGE_LOOP_ANALYSIS = YES;
				CLANG_WARN_STRICT_PROTOTYPES = YES;
				CLANG_WARN_SUSPICIOUS_MOVE = YES;
				CLANG_WARN_UNGUARDED_AVAILABILITY = YES_AGGRESSIVE;
				CLANG_WARN_UNREACHABLE_CODE = YES;
				CLANG_WARN__DUPLICATE_METHOD_MATCH = YES;
				CODE_SIGN_IDENTITY = "iPhone Developer";
				COPY_PHASE_STRIP = NO;
				DEBUG_INFORMATION_FORMAT = "dwarf-with-dsym";
				ENABLE_NS_ASSERTIONS = NO;
				ENABLE_STRICT_OBJC_MSGSEND = YES;
				GCC_C_LANGUAGE_STANDARD = gnu11;
				GCC_NO_COMMON_BLOCKS = YES;
				GCC_WARN_64_TO_32_BIT_CONVERSION = YES;
				GCC_WARN_ABOUT_RETURN_TYPE = YES_ERROR;
				GCC_WARN_UNDECLARED_SELECTOR = YES;
				GCC_WARN_UNINITIALIZED_AUTOS = YES_AGGRESSIVE;
				GCC_WARN_UNUSED_FUNCTION = YES;
				GCC_WARN_UNUSED_VARIABLE = YES;
				IPHONEOS_DEPLOYMENT_TARGET = 12.1;
				MTL_ENABLE_DEBUG_INFO = NO;
				MTL_FAST_MATH = YES;
				SDKROOT = iphoneos;
				VALIDATE_PRODUCT = YES;
			};
			name = Release;
		};
		090CA22A22A101FD006C3C42 /* Debug */ = {
			isa = XCBuildConfiguration;
			buildSettings = {
				ASSETCATALOG_COMPILER_APPICON_NAME = AppIcon;
				CODE_SIGN_STYLE = Automatic;
				DEVELOPMENT_TEAM = JS335ZH9T8;
				INFOPLIST_FILE = TestLocalNotification/Info.plist;
				IPHONEOS_DEPLOYMENT_TARGET = 10.0;
				LD_RUNPATH_SEARCH_PATHS = (
					"$(inherited)",
					"@executable_path/Frameworks",
				);
				PRODUCT_BUNDLE_IDENTIFIER = com.callmewenxi.TestLocalNotification;
				PRODUCT_NAME = "$(TARGET_NAME)";
				TARGETED_DEVICE_FAMILY = "1,2";
			};
			name = Debug;
		};
		090CA22B22A101FD006C3C42 /* Release */ = {
			isa = XCBuildConfiguration;
			buildSettings = {
				ASSETCATALOG_COMPILER_APPICON_NAME = AppIcon;
				CODE_SIGN_STYLE = Automatic;
				DEVELOPMENT_TEAM = JS335ZH9T8;
				INFOPLIST_FILE = TestLocalNotification/Info.plist;
				IPHONEOS_DEPLOYMENT_TARGET = 10.0;
				LD_RUNPATH_SEARCH_PATHS = (
					"$(inherited)",
					"@executable_path/Frameworks",
				);
				PRODUCT_BUNDLE_IDENTIFIER = com.callmewenxi.TestLocalNotification;
				PRODUCT_NAME = "$(TARGET_NAME)";
				TARGETED_DEVICE_FAMILY = "1,2";
			};
			name = Release;
		};
/* End XCBuildConfiguration section */

/* Begin XCConfigurationList section */
		090CA20E22A101FB006C3C42 /* Build configuration list for PBXProject "TestLocalNotification" */ = {
			isa = XCConfigurationList;
			buildConfigurations = (
				090CA22722A101FD006C3C42 /* Debug */,
				090CA22822A101FD006C3C42 /* Release */,
			);
			defaultConfigurationIsVisible = 0;
			defaultConfigurationName = Release;
		};
		090CA22922A101FD006C3C42 /* Build configuration list for PBXNativeTarget "TestLocalNotification" */ = {
			isa = XCConfigurationList;
			buildConfigurations = (
				090CA22A22A101FD006C3C42 /* Debug */,
				090CA22B22A101FD006C3C42 /* Release */,
			);
			defaultConfigurationIsVisible = 0;
			defaultConfigurationName = Release;
		};
/* End XCConfigurationList section */
	};
	rootObject = 090CA20B22A101FB006C3C42 /* Project object */;
}
